
Microsoft Visual Studio Solution File, Format Version 12.00
# Visual Studio Version 16
VisualStudioVersion = 16.0.30011.22
MinimumVisualStudioVersion = 10.0.40219.1
Project("{FAE04EC0-301F-11D3-BF4B-00C04F79EFBC}") = "OracleWebAPIService", "OracleWebAPIService.csproj", "{F995EB82-D063-4D6A-A634-B9E5C7B31D14}"
EndProject
Project("{FAE04EC0-301F-11D3-BF4B-00C04F79EFBC}") = "DatabaseAccess", "..\DatabaseAccess\DatabaseAccess.csproj", "{26AA0F9E-FA3D-49C2-B149-34C51BDC6710}"
EndProject
Global
	GlobalSection(SolutionConfigurationPlatforms) = preSolution
		Debug|Any CPU = Debug|Any CPU
		Release|Any CPU = Release|Any CPU
	EndGlobalSection
	GlobalSection(ProjectConfigurationPlatforms) = postSolution
		{F995EB82-D063-4D6A-A634-B9E5C7B31D14}.Debug|Any CPU.ActiveCfg = Debug|Any CPU
		{F995EB82-D063-4D6A-A634-B9E5C7B31D14}.Debug|Any CPU.Build.0 = Debug|Any CPU
		{F995EB82-D063-4D6A-A634-B9E5C7B31D14}.Release|Any CPU.ActiveCfg = Release|Any CPU
		{F995EB82-D063-4D6A-A634-B9E5C7B31D14}.Release|Any CPU.Build.0 = Release|Any CPU
		{26AA0F9E-FA3D-49C2-B149-34C51BDC6710}.Debug|Any CPU.ActiveCfg = Debug|Any CPU
		{26AA0F9E-FA3D-49C2-B149-34C51BDC6710}.Debug|Any CPU.Build.0 = Debug|Any CPU
		{26AA0F9E-FA3D-49C2-B149-34C51BDC6710}.Release|Any CPU.ActiveCfg = Release|Any CPU
		{26AA0F9E-FA3D-49C2-B149-34C51BDC6710}.Release|Any CPU.Build.0 = Release|Any CPU
	EndGlobalSection
	GlobalSection(SolutionProperties) = preSolution
		HideSolutionNode = FALSE
	EndGlobalSection
	GlobalSection(ExtensibilityGlobals) = postSolution
		SolutionGuid = {2EBAE0A3-8FE9-4C78-A51B-6C960B0FF7E6}
	EndGlobalSection
EndGlobal
